lockfileVersion: '9.0'

settings:
  autoInstallPeers: true
  excludeLinksFromLockfile: false

importers:

  .:
    dependencies:
      immer:
        specifier: ^10.1.1
        version: 10.1.1
      lodash:
        specifier: ^4.17.21
        version: 4.17.21
      lowdb:
        specifier: ^7.0.1
        version: 7.0.1
      react:
        specifier: ^19.0.0
        version: 19.0.0
      zod:
        specifier: ^3.24.1
        version: 3.24.1

packages:

  immer@10.1.1:
    resolution: {integrity: sha512-s2MPrmjovJcoMaHtx6K11Ra7oD05NT97w1IC5zpMkT6Atjr7H8LjaDd81iIxUYpMKSRRNMJE703M1Fhr/TctHw==}

  lodash@4.17.21:
    resolution: {integrity: sha512-v2kDEe57lecTulaDIuNTPy3Ry4gLGJ6Z1O3vE1krgXZNrsQ+LFTGHVxVjcXPs17LhbZVGedAJv8XZ1tvj5FvSg==}

  lowdb@7.0.1:
    resolution: {integrity: sha512-neJAj8GwF0e8EpycYIDFqEPcx9Qz4GUho20jWFR7YiFeXzF1YMLdxB36PypcTSPMA+4+LvgyMacYhlr18Zlymw==}
    engines: {node: '>=18'}

  react@19.0.0:
    resolution: {integrity: sha512-V8AVnmPIICiWpGfm6GLzCR/W5FXLchHop40W4nXBmdlEceh16rCN8O8LNWm5bh5XUX91fh7KpA+W0TgMKmgTpQ==}
    engines: {node: '>=0.10.0'}

  steno@4.0.2:
    resolution: {integrity: sha512-yhPIQXjrlt1xv7dyPQg2P17URmXbuM5pdGkpiMB3RenprfiBlvK415Lctfe0eshk90oA7/tNq7WEiMK8RSP39A==}
    engines: {node: '>=18'}

  zod@3.24.1:
    resolution: {integrity: sha512-muH7gBL9sI1nciMZV67X5fTKKBLtwpZ5VBp1vsOQzj1MhrBZ4wlVCm3gedKZWLp0Oyel8sIGfeiz54Su+OVT+A==}

snapshots:

  immer@10.1.1: {}

  lodash@4.17.21: {}

  lowdb@7.0.1:
    dependencies:
      steno: 4.0.2

  react@19.0.0: {}

  steno@4.0.2: {}

  zod@3.24.1: {}
